
Microsoft Visual Studio Solution File, Format Version 12.00
# Visual Studio 2012
Project("{FAE04EC0-301F-11D3-BF4B-00C04F79EFBC}") = "webERP", "webERP\webERP.csproj", "{41EC9CE9-80B9-4516-9AC0-92D5174AA77D}"
EndProject
Project("{FAE04EC0-301F-11D3-BF4B-00C04F79EFBC}") = "Entities", "Entities\Entities.csproj", "{1408FF25-B096-4429-88D2-DB73A458CFE9}"
EndProject
Project("{2150E333-8FDC-42A3-9474-1A3956D46DE8}") = "Implement", "Implement", "{1AB96555-3128-4787-8988-300B9CD2A085}"
EndProject
Project("{FAE04EC0-301F-11D3-BF4B-00C04F79EFBC}") = "Erp.BLL", "Erp.BLL\Erp.BLL.csproj", "{D2099752-4E90-43E7-8E21-341CF1B8DA1A}"
EndProject
Project("{FAE04EC0-301F-11D3-BF4B-00C04F79EFBC}") = "Erp.DAL", "Erp.DAL\Erp.DAL.csproj", "{BF33AEE8-9372-40DF-9487-46180E325C3D}"
EndProject
Project("{FAE04EC0-301F-11D3-BF4B-00C04F79EFBC}") = "Erp.Common", "Erp.Common\Erp.Common.csproj", "{35DF87D2-592C-41EF-AFD5-C1EA6F046F96}"
EndProject
Project("{2150E333-8FDC-42A3-9474-1A3956D46DE8}") = "Interface", "Interface", "{34F45C7B-804F-46B4-973A-EDBC1E9658A8}"
EndProject
Project("{FAE04EC0-301F-11D3-BF4B-00C04F79EFBC}") = "Erp.IBLL", "Erp.IBLL\Erp.IBLL.csproj", "{4D59294C-4109-45A4-A6D7-00AC7B86E4E8}"
EndProject
Project("{FAE04EC0-301F-11D3-BF4B-00C04F79EFBC}") = "Erp.IDAL", "Erp.IDAL\Erp.IDAL.csproj", "{1BD6ED47-7DCC-4D78-9A1E-D4C12F600EFE}"
EndProject
Project("{2150E333-8FDC-42A3-9474-1A3956D46DE8}") = "UnitTest", "UnitTest", "{5CA60F38-A051-4E69-B7F1-4B20CECFCE43}"
EndProject
Project("{FAE04EC0-301F-11D3-BF4B-00C04F79EFBC}") = "TestWeb", "TestWeb\TestWeb.csproj", "{64FBE3AD-438A-4D34-8CCB-EF47DE3B140F}"
EndProject
Global
	GlobalSection(SolutionConfigurationPlatforms) = preSolution
		Debug|Any CPU = Debug|Any CPU
		Release|Any CPU = Release|Any CPU
	EndGlobalSection
	GlobalSection(ProjectConfigurationPlatforms) = postSolution
		{41EC9CE9-80B9-4516-9AC0-92D5174AA77D}.Debug|Any CPU.ActiveCfg = Debug|Any CPU
		{41EC9CE9-80B9-4516-9AC0-92D5174AA77D}.Debug|Any CPU.Build.0 = Debug|Any CPU
		{41EC9CE9-80B9-4516-9AC0-92D5174AA77D}.Release|Any CPU.ActiveCfg = Release|Any CPU
		{41EC9CE9-80B9-4516-9AC0-92D5174AA77D}.Release|Any CPU.Build.0 = Release|Any CPU
		{1408FF25-B096-4429-88D2-DB73A458CFE9}.Debug|Any CPU.ActiveCfg = Debug|Any CPU
		{1408FF25-B096-4429-88D2-DB73A458CFE9}.Debug|Any CPU.Build.0 = Debug|Any CPU
		{1408FF25-B096-4429-88D2-DB73A458CFE9}.Release|Any CPU.ActiveCfg = Release|Any CPU
		{1408FF25-B096-4429-88D2-DB73A458CFE9}.Release|Any CPU.Build.0 = Release|Any CPU
		{D2099752-4E90-43E7-8E21-341CF1B8DA1A}.Debug|Any CPU.ActiveCfg = Debug|Any CPU
		{D2099752-4E90-43E7-8E21-341CF1B8DA1A}.Debug|Any CPU.Build.0 = Debug|Any CPU
		{D2099752-4E90-43E7-8E21-341CF1B8DA1A}.Release|Any CPU.ActiveCfg = Release|Any CPU
		{D2099752-4E90-43E7-8E21-341CF1B8DA1A}.Release|Any CPU.Build.0 = Release|Any CPU
		{BF33AEE8-9372-40DF-9487-46180E325C3D}.Debug|Any CPU.ActiveCfg = Debug|Any CPU
		{BF33AEE8-9372-40DF-9487-46180E325C3D}.Debug|Any CPU.Build.0 = Debug|Any CPU
		{BF33AEE8-9372-40DF-9487-46180E325C3D}.Release|Any CPU.ActiveCfg = Release|Any CPU
		{BF33AEE8-9372-40DF-9487-46180E325C3D}.Release|Any CPU.Build.0 = Release|Any CPU
		{35DF87D2-592C-41EF-AFD5-C1EA6F046F96}.Debug|Any CPU.ActiveCfg = Debug|Any CPU
		{35DF87D2-592C-41EF-AFD5-C1EA6F046F96}.Debug|Any CPU.Build.0 = Debug|Any CPU
		{35DF87D2-592C-41EF-AFD5-C1EA6F046F96}.Release|Any CPU.ActiveCfg = Release|Any CPU
		{35DF87D2-592C-41EF-AFD5-C1EA6F046F96}.Release|Any CPU.Build.0 = Release|Any CPU
		{4D59294C-4109-45A4-A6D7-00AC7B86E4E8}.Debug|Any CPU.ActiveCfg = Debug|Any CPU
		{4D59294C-4109-45A4-A6D7-00AC7B86E4E8}.Debug|Any CPU.Build.0 = Debug|Any CPU
		{4D59294C-4109-45A4-A6D7-00AC7B86E4E8}.Release|Any CPU.ActiveCfg = Release|Any CPU
		{4D59294C-4109-45A4-A6D7-00AC7B86E4E8}.Release|Any CPU.Build.0 = Release|Any CPU
		{1BD6ED47-7DCC-4D78-9A1E-D4C12F600EFE}.Debug|Any CPU.ActiveCfg = Debug|Any CPU
		{1BD6ED47-7DCC-4D78-9A1E-D4C12F600EFE}.Debug|Any CPU.Build.0 = Debug|Any CPU
		{1BD6ED47-7DCC-4D78-9A1E-D4C12F600EFE}.Release|Any CPU.ActiveCfg = Release|Any CPU
		{1BD6ED47-7DCC-4D78-9A1E-D4C12F600EFE}.Release|Any CPU.Build.0 = Release|Any CPU
		{64FBE3AD-438A-4D34-8CCB-EF47DE3B140F}.Debug|Any CPU.ActiveCfg = Debug|Any CPU
		{64FBE3AD-438A-4D34-8CCB-EF47DE3B140F}.Debug|Any CPU.Build.0 = Debug|Any CPU
		{64FBE3AD-438A-4D34-8CCB-EF47DE3B140F}.Release|Any CPU.ActiveCfg = Release|Any CPU
		{64FBE3AD-438A-4D34-8CCB-EF47DE3B140F}.Release|Any CPU.Build.0 = Release|Any CPU
	EndGlobalSection
	GlobalSection(SolutionProperties) = preSolution
		HideSolutionNode = FALSE
	EndGlobalSection
	GlobalSection(NestedProjects) = preSolution
		{D2099752-4E90-43E7-8E21-341CF1B8DA1A} = {1AB96555-3128-4787-8988-300B9CD2A085}
		{BF33AEE8-9372-40DF-9487-46180E325C3D} = {1AB96555-3128-4787-8988-300B9CD2A085}
		{35DF87D2-592C-41EF-AFD5-C1EA6F046F96} = {1AB96555-3128-4787-8988-300B9CD2A085}
		{4D59294C-4109-45A4-A6D7-00AC7B86E4E8} = {34F45C7B-804F-46B4-973A-EDBC1E9658A8}
		{1BD6ED47-7DCC-4D78-9A1E-D4C12F600EFE} = {34F45C7B-804F-46B4-973A-EDBC1E9658A8}
		{64FBE3AD-438A-4D34-8CCB-EF47DE3B140F} = {5CA60F38-A051-4E69-B7F1-4B20CECFCE43}
	EndGlobalSection
EndGlobal
