
Microsoft Visual Studio Solution File, Format Version 12.00
# Visual Studio 2012
Project("{FAE04EC0-301F-11D3-BF4B-00C04F79EFBC}") = "EBuy.WebSite", "EBuy\EBuy.WebSite.csproj", "{E06F42B2-42F7-47B0-9E6A-CFEAFCBA8052}"
EndProject
Project("{FAE04EC0-301F-11D3-BF4B-00C04F79EFBC}") = "EBuy.Tests", "EBuy.Tests\EBuy.Tests.csproj", "{75ED34E0-DCB5-4007-87D8-D4830BB25CC7}"
EndProject
Project("{FAE04EC0-301F-11D3-BF4B-00C04F79EFBC}") = "Ebuy.Comman", "Ebuy.Core\Ebuy.Comman.csproj", "{E4B366D3-ECDF-4247-9D6D-109E12202526}"
EndProject
Global
	GlobalSection(SolutionConfigurationPlatforms) = preSolution
		Debug|Any CPU = Debug|Any CPU
		Release|Any CPU = Release|Any CPU
	EndGlobalSection
	GlobalSection(ProjectConfigurationPlatforms) = postSolution
		{E06F42B2-42F7-47B0-9E6A-CFEAFCBA8052}.Debug|Any CPU.ActiveCfg = Debug|Any CPU
		{E06F42B2-42F7-47B0-9E6A-CFEAFCBA8052}.Debug|Any CPU.Build.0 = Debug|Any CPU
		{E06F42B2-42F7-47B0-9E6A-CFEAFCBA8052}.Release|Any CPU.ActiveCfg = Release|Any CPU
		{E06F42B2-42F7-47B0-9E6A-CFEAFCBA8052}.Release|Any CPU.Build.0 = Release|Any CPU
		{75ED34E0-DCB5-4007-87D8-D4830BB25CC7}.Debug|Any CPU.ActiveCfg = Debug|Any CPU
		{75ED34E0-DCB5-4007-87D8-D4830BB25CC7}.Debug|Any CPU.Build.0 = Debug|Any CPU
		{75ED34E0-DCB5-4007-87D8-D4830BB25CC7}.Release|Any CPU.ActiveCfg = Release|Any CPU
		{75ED34E0-DCB5-4007-87D8-D4830BB25CC7}.Release|Any CPU.Build.0 = Release|Any CPU
		{E4B366D3-ECDF-4247-9D6D-109E12202526}.Debug|Any CPU.ActiveCfg = Debug|Any CPU
		{E4B366D3-ECDF-4247-9D6D-109E12202526}.Debug|Any CPU.Build.0 = Debug|Any CPU
		{E4B366D3-ECDF-4247-9D6D-109E12202526}.Release|Any CPU.ActiveCfg = Release|Any CPU
		{E4B366D3-ECDF-4247-9D6D-109E12202526}.Release|Any CPU.Build.0 = Release|Any CPU
	EndGlobalSection
	GlobalSection(SolutionProperties) = preSolution
		HideSolutionNode = FALSE
	EndGlobalSection
EndGlobal
